<?xml version="1.0" encoding="utf-8"?>
<Project ToolsVersion="4.0" xmlns="http://schemas.microsoft.com/developer/msbuild/2003">
  <ItemGroup>
    <Filter Include="Source Files">
      <UniqueIdentifier>{4FC737F1-C7A5-4376-A066-2A32D752A2FF}</UniqueIdentifier>
      <Extensions>cpp;c;cc;cxx;def;odl;idl;hpj;bat;asm;asmx</Extensions>
    </Filter>
    <Filter Include="Header Files">
      <UniqueIdentifier>{93995380-89BD-4b04-88EB-625FBE52EBFB}</UniqueIdentifier>
      <Extensions>h;hh;hpp;hxx;hm;inl;inc;ipp;xsd</Extensions>
    </Filter>
    <Filter Include="Resource Files">
      <UniqueIdentifier>{67DA6AB6-F800-4c08-8B7A-83BB121AAD01}</UniqueIdentifier>
      <Extensions>rc;ico;cur;bmp;dlg;rc2;rct;bin;rgs;gif;jpg;jpeg;jpe;resx;tiff;tif;png;wav;mfcribbon-ms</Extensions>
    </Filter>
  </ItemGroup>
  <ItemGroup>
    <ClCompile Include="main.cpp">
      <Filter>Source Files</Filter>
    </ClCompile>
    <ClCompile Include="ivec2.cpp">
      <Filter>Source Files</Filter>
    </ClCompile>
    <ClCompile Include="ivec3.cpp">
      <Filter>Source Files</Filter>
    </ClCompile>
    <ClCompile Include="vec2.cpp">
      <Filter>Source Files</Filter>
    </ClCompile>
    <ClCompile Include="vec3.cpp">
      <Filter>Source Files</Filter>
    </ClCompile>
    <ClCompile Include="textDrawing.cpp">
      <Filter>Source Files</Filter>
    </ClCompile>
    <ClCompile Include="mippedTexture.cpp">
      <Filter>Source Files</Filter>
    </ClCompile>
    <ClCompile Include="geometricShapes.cpp">
      <Filter>Source Files</Filter>
    </ClCompile>
    <ClCompile Include="pusheenCat.cpp">
      <Filter>Source Files</Filter>
    </ClCompile>
    <ClCompile Include="bezier.cpp">
      <Filter>Source Files</Filter>
    </ClCompile>
    <ClCompile Include="lineFunc.cpp">
      <Filter>Source Files</Filter>
    </ClCompile>
    <ClCompile Include="commonMath.cpp">
      <Filter>Source Files</Filter>
    </ClCompile>
    <ClCompile Include="commonDraw.cpp">
      <Filter>Source Files</Filter>
    </ClCompile>
    <ClCompile Include="simpleTimer.cpp">
      <Filter>Source Files</Filter>
    </ClCompile>
    <ClCompile Include="interactivePusheenMenu.cpp">
      <Filter>Source Files</Filter>
    </ClCompile>
    <ClCompile Include="textureBaking.cpp">
      <Filter>Source Files</Filter>
    </ClCompile>
    <ClCompile Include="defines.cpp">
      <Filter>Source Files</Filter>
    </ClCompile>
    <ClCompile Include="vec4.cpp">
      <Filter>Source Files</Filter>
    </ClCompile>
    <ClCompile Include="genericPtr.cpp">
      <Filter>Source Files</Filter>
    </ClCompile>
  </ItemGroup>
  <ItemGroup>
    <ClInclude Include="ivec2.h">
      <Filter>Header Files</Filter>
    </ClInclude>
    <ClInclude Include="ivec3.h">
      <Filter>Header Files</Filter>
    </ClInclude>
    <ClInclude Include="vec2.h">
      <Filter>Header Files</Filter>
    </ClInclude>
    <ClInclude Include="vec3.h">
      <Filter>Header Files</Filter>
    </ClInclude>
    <ClInclude Include="resource.h">
      <Filter>Header Files</Filter>
    </ClInclude>
    <ClInclude Include="textDrawing.h">
      <Filter>Header Files</Filter>
    </ClInclude>
    <ClInclude Include="mippedTexture.h">
      <Filter>Header Files</Filter>
    </ClInclude>
    <ClInclude Include="geometricShapes.h">
      <Filter>Header Files</Filter>
    </ClInclude>
    <ClInclude Include="pusheenCat.h">
      <Filter>Header Files</Filter>
    </ClInclude>
    <ClInclude Include="bezier.h">
      <Filter>Header Files</Filter>
    </ClInclude>
    <ClInclude Include="lineFunc.h">
      <Filter>Header Files</Filter>
    </ClInclude>
    <ClInclude Include="commonMath.h">
      <Filter>Header Files</Filter>
    </ClInclude>
    <ClInclude Include="commonDraw.h">
      <Filter>Header Files</Filter>
    </ClInclude>
    <ClInclude Include="defines.h">
      <Filter>Header Files</Filter>
    </ClInclude>
    <ClInclude Include="textureBaking.h">
      <Filter>Header Files</Filter>
    </ClInclude>
    <ClInclude Include="simpleTimer.h">
      <Filter>Header Files</Filter>
    </ClInclude>
    <ClInclude Include="interactivePusheenMenu.h">
      <Filter>Header Files</Filter>
    </ClInclude>
    <ClInclude Include="vec4.h">
      <Filter>Header Files</Filter>
    </ClInclude>
    <ClInclude Include="genericPtr.h">
      <Filter>Header Files</Filter>
    </ClInclude>
  </ItemGroup>
  <ItemGroup>
    <ResourceCompile Include="CatVik.rc">
      <Filter>Resource Files</Filter>
    </ResourceCompile>
  </ItemGroup>
</Project>